// !$*UTF8*$!
{
	archiveVersion = 1;
	classes = {
	};
	objectVersion = 46;
	objects = {

/* Begin PBXBuildFile section */
		6326626E19E2DD6100169CC2 /* AppDelegate.swift in Sources */ = {isa = PBXBuildFile; fileRef = 6326626D19E2DD6100169CC2 /* AppDelegate.swift */; };
		6326627219E2DD6100169CC2 /* GameScene.swift in Sources */ = {isa = PBXBuildFile; fileRef = 6326627119E2DD6100169CC2 /* GameScene.swift */; };
		6326627419E2DD6100169CC2 /* GameViewController.swift in Sources */ = {isa = PBXBuildFile; fileRef = 6326627319E2DD6100169CC2 /* GameViewController.swift */; };
		6326627719E2DD6100169CC2 /* Main.storyboard in Resources */ = {isa = PBXBuildFile; fileRef = 6326627519E2DD6100169CC2 /* Main.storyboard */; };
		6326627919E2DD6100169CC2 /* Images.xcassets in Resources */ = {isa = PBXBuildFile; fileRef = 6326627819E2DD6100169CC2 /* Images.xcassets */; };
		6326627C19E2DD6100169CC2 /* LaunchScreen.xib in Resources */ = {isa = PBXBuildFile; fileRef = 6326627A19E2DD6100169CC2 /* LaunchScreen.xib */; };
		6326628819E2DD6200169CC2 /* SwiftrisTests.swift in Sources */ = {isa = PBXBuildFile; fileRef = 6326628719E2DD6200169CC2 /* SwiftrisTests.swift */; };
		6326629719E2DE2D00169CC2 /* bomb.mp3 in Resources */ = {isa = PBXBuildFile; fileRef = 6326629219E2DE2D00169CC2 /* bomb.mp3 */; };
		6326629819E2DE2D00169CC2 /* drop.mp3 in Resources */ = {isa = PBXBuildFile; fileRef = 6326629319E2DE2D00169CC2 /* drop.mp3 */; };
		6326629919E2DE2D00169CC2 /* gameover.mp3 in Resources */ = {isa = PBXBuildFile; fileRef = 6326629419E2DE2D00169CC2 /* gameover.mp3 */; };
		6326629A19E2DE2D00169CC2 /* levelup.mp3 in Resources */ = {isa = PBXBuildFile; fileRef = 6326629519E2DE2D00169CC2 /* levelup.mp3 */; };
		6326629B19E2DE2D00169CC2 /* theme.mp3 in Resources */ = {isa = PBXBuildFile; fileRef = 6326629619E2DE2D00169CC2 /* theme.mp3 */; };
		6326629D19E2DE4300169CC2 /* Sprites.atlas in Resources */ = {isa = PBXBuildFile; fileRef = 6326629C19E2DE4300169CC2 /* Sprites.atlas */; };
		6326629F19E2E0F400169CC2 /* Array2D.swift in Sources */ = {isa = PBXBuildFile; fileRef = 6326629E19E2E0F400169CC2 /* Array2D.swift */; };
		632662A119E312D200169CC2 /* Block.swift in Sources */ = {isa = PBXBuildFile; fileRef = 632662A019E312D200169CC2 /* Block.swift */; };
		632662A319E3827A00169CC2 /* Shape.swift in Sources */ = {isa = PBXBuildFile; fileRef = 632662A219E3827A00169CC2 /* Shape.swift */; };
/* End PBXBuildFile section */

/* Begin PBXContainerItemProxy section */
		6326628219E2DD6200169CC2 /* PBXContainerItemProxy */ = {
			isa = PBXContainerItemProxy;
			containerPortal = 6326626019E2DD6100169CC2 /* Project object */;
			proxyType = 1;
			remoteGlobalIDString = 6326626719E2DD6100169CC2;
			remoteInfo = Swiftris;
		};
/* End PBXContainerItemProxy section */

/* Begin PBXFileReference section */
		6326626819E2DD6100169CC2 /* Swiftris.app */ = {isa = PBXFileReference; explicitFileType = wrapper.application; includeInIndex = 0; path = Swiftris.app; sourceTree = BUILT_PRODUCTS_DIR; };
		6326626C19E2DD6100169CC2 /* Info.plist */ = {isa = PBXFileReference; lastKnownFileType = text.plist.xml; path = Info.plist; sourceTree = "<group>"; };
		6326626D19E2DD6100169CC2 /* AppDelegate.swift */ = {isa = PBXFileReference; lastKnownFileType = sourcecode.swift; path = AppDelegate.swift; sourceTree = "<group>"; };
		6326627119E2DD6100169CC2 /* GameScene.swift */ = {isa = PBXFileReference; lastKnownFileType = sourcecode.swift; path = GameScene.swift; sourceTree = "<group>"; };
		6326627319E2DD6100169CC2 /* GameViewController.swift */ = {isa = PBXFileReference; lastKnownFileType = sourcecode.swift; path = GameViewController.swift; sourceTree = "<group>"; };
		6326627619E2DD6100169CC2 /* Base */ = {isa = PBXFileReference; lastKnownFileType = file.storyboard; name = Base; path = Base.lproj/Main.storyboard; sourceTree = "<group>"; };
		6326627819E2DD6100169CC2 /* Images.xcassets */ = {isa = PBXFileReference; lastKnownFileType = folder.assetcatalog; path = Images.xcassets; sourceTree = "<group>"; };
		6326627B19E2DD6100169CC2 /* Base */ = {isa = PBXFileReference; lastKnownFileType = file.xib; name = Base; path = Base.lproj/LaunchScreen.xib; sourceTree = "<group>"; };
		6326628119E2DD6200169CC2 /* SwiftrisTests.xctest */ = {isa = PBXFileReference; explicitFileType = wrapper.cfbundle; includeInIndex = 0; path = SwiftrisTests.xctest; sourceTree = BUILT_PRODUCTS_DIR; };
		6326628619E2DD6200169CC2 /* Info.plist */ = {isa = PBXFileReference; lastKnownFileType = text.plist.xml; path = Info.plist; sourceTree = "<group>"; };
		6326628719E2DD6200169CC2 /* SwiftrisTests.swift */ = {isa = PBXFileReference; lastKnownFileType = sourcecode.swift; path = SwiftrisTests.swift; sourceTree = "<group>"; };
		6326629219E2DE2D00169CC2 /* bomb.mp3 */ = {isa = PBXFileReference; lastKnownFileType = audio.mp3; path = bomb.mp3; sourceTree = "<group>"; };
		6326629319E2DE2D00169CC2 /* drop.mp3 */ = {isa = PBXFileReference; lastKnownFileType = audio.mp3; path = drop.mp3; sourceTree = "<group>"; };
		6326629419E2DE2D00169CC2 /* gameover.mp3 */ = {isa = PBXFileReference; lastKnownFileType = audio.mp3; path = gameover.mp3; sourceTree = "<group>"; };
		6326629519E2DE2D00169CC2 /* levelup.mp3 */ = {isa = PBXFileReference; lastKnownFileType = audio.mp3; path = levelup.mp3; sourceTree = "<group>"; };
		6326629619E2DE2D00169CC2 /* theme.mp3 */ = {isa = PBXFileReference; lastKnownFileType = audio.mp3; path = theme.mp3; sourceTree = "<group>"; };
		6326629C19E2DE4300169CC2 /* Sprites.atlas */ = {isa = PBXFileReference; lastKnownFileType = folder.skatlas; path = Sprites.atlas; sourceTree = "<group>"; };
		6326629E19E2E0F400169CC2 /* Array2D.swift */ = {isa = PBXFileReference; fileEncoding = 4; lastKnownFileType = sourcecode.swift; path = Array2D.swift; sourceTree = "<group>"; };
		632662A019E312D200169CC2 /* Block.swift */ = {isa = PBXFileReference; fileEncoding = 4; lastKnownFileType = sourcecode.swift; path = Block.swift; sourceTree = "<group>"; };
		632662A219E3827A00169CC2 /* Shape.swift */ = {isa = PBXFileReference; fileEncoding = 4; lastKnownFileType = sourcecode.swift; path = Shape.swift; sourceTree = "<group>"; };
/* End PBXFileReference section */

/* Begin PBXFrameworksBuildPhase section */
		6326626519E2DD6100169CC2 /* Frameworks */ = {
			isa = PBXFrameworksBuildPhase;
			buildActionMask = 2147483647;
			files = (
			);
			runOnlyForDeploymentPostprocessing = 0;
		};
		6326627E19E2DD6200169CC2 /* Frameworks */ = {
			isa = PBXFrameworksBuildPhase;
			buildActionMask = 2147483647;
			files = (
			);
			runOnlyForDeploymentPostprocessing = 0;
		};
/* End PBXFrameworksBuildPhase section */

/* Begin PBXGroup section */
		6326625F19E2DD6100169CC2 = {
			isa = PBXGroup;
			children = (
				6326626A19E2DD6100169CC2 /* Swiftris */,
				6326628419E2DD6200169CC2 /* SwiftrisTests */,
				6326626919E2DD6100169CC2 /* Products */,
			);
			sourceTree = "<group>";
		};
		6326626919E2DD6100169CC2 /* Products */ = {
			isa = PBXGroup;
			children = (
				6326626819E2DD6100169CC2 /* Swiftris.app */,
				6326628119E2DD6200169CC2 /* SwiftrisTests.xctest */,
			);
			name = Products;
			sourceTree = "<group>";
		};
		6326626A19E2DD6100169CC2 /* Swiftris */ = {
			isa = PBXGroup;
			children = (
				6326626D19E2DD6100169CC2 /* AppDelegate.swift */,
				6326627119E2DD6100169CC2 /* GameScene.swift */,
				632662A019E312D200169CC2 /* Block.swift */,
				632662A219E3827A00169CC2 /* Shape.swift */,
				6326627319E2DD6100169CC2 /* GameViewController.swift */,
				6326629E19E2E0F400169CC2 /* Array2D.swift */,
				6326627519E2DD6100169CC2 /* Main.storyboard */,
				6326627819E2DD6100169CC2 /* Images.xcassets */,
				6326627A19E2DD6100169CC2 /* LaunchScreen.xib */,
				6326629C19E2DE4300169CC2 /* Sprites.atlas */,
				6326629119E2DE2D00169CC2 /* Sounds */,
				6326626B19E2DD6100169CC2 /* Supporting Files */,
			);
			path = Swiftris;
			sourceTree = "<group>";
		};
		6326626B19E2DD6100169CC2 /* Supporting Files */ = {
			isa = PBXGroup;
			children = (
				6326626C19E2DD6100169CC2 /* Info.plist */,
			);
			name = "Supporting Files";
			sourceTree = "<group>";
		};
		6326628419E2DD6200169CC2 /* SwiftrisTests */ = {
			isa = PBXGroup;
			children = (
				6326628719E2DD6200169CC2 /* SwiftrisTests.swift */,
				6326628519E2DD6200169CC2 /* Supporting Files */,
			);
			path = SwiftrisTests;
			sourceTree = "<group>";
		};
		6326628519E2DD6200169CC2 /* Supporting Files */ = {
			isa = PBXGroup;
			children = (
				6326628619E2DD6200169CC2 /* Info.plist */,
			);
			name = "Supporting Files";
			sourceTree = "<group>";
		};
		6326629119E2DE2D00169CC2 /* Sounds */ = {
			isa = PBXGroup;
			children = (
				6326629219E2DE2D00169CC2 /* bomb.mp3 */,
				6326629319E2DE2D00169CC2 /* drop.mp3 */,
				6326629419E2DE2D00169CC2 /* gameover.mp3 */,
				6326629519E2DE2D00169CC2 /* levelup.mp3 */,
				6326629619E2DE2D00169CC2 /* theme.mp3 */,
			);
			path = Sounds;
			sourceTree = "<group>";
		};
/* End PBXGroup section */

/* Begin PBXNativeTarget section */
		6326626719E2DD6100169CC2 /* Swiftris */ = {
			isa = PBXNativeTarget;
			buildConfigurationList = 6326628B19E2DD6200169CC2 /* Build configuration list for PBXNativeTarget "Swiftris" */;
			buildPhases = (
				6326626419E2DD6100169CC2 /* Sources */,
				6326626519E2DD6100169CC2 /* Frameworks */,
				6326626619E2DD6100169CC2 /* Resources */,
			);
			buildRules = (
			);
			dependencies = (
			);
			name = Swiftris;
			productName = Swiftris;
			productReference = 6326626819E2DD6100169CC2 /* Swiftris.app */;
			productType = "com.apple.product-type.application";
		};
		6326628019E2DD6200169CC2 /* SwiftrisTests */ = {
			isa = PBXNativeTarget;
			buildConfigurationList = 6326628E19E2DD6200169CC2 /* Build configuration list for PBXNativeTarget "SwiftrisTests" */;
			buildPhases = (
				6326627D19E2DD6200169CC2 /* Sources */,
				6326627E19E2DD6200169CC2 /* Frameworks */,
				6326627F19E2DD6200169CC2 /* Resources */,
			);
			buildRules = (
			);
			dependencies = (
				6326628319E2DD6200169CC2 /* PBXTargetDependency */,
			);
			name = SwiftrisTests;
			productName = SwiftrisTests;
			productReference = 6326628119E2DD6200169CC2 /* SwiftrisTests.xctest */;
			productType = "com.apple.product-type.bundle.unit-test";
		};
/* End PBXNativeTarget section */

/* Begin PBXProject section */
		6326626019E2DD6100169CC2 /* Project object */ = {
			isa = PBXProject;
			attributes = {
				LastUpgradeCheck = 0600;
				ORGANIZATIONNAME = Bloc;
				TargetAttributes = {
					6326626719E2DD6100169CC2 = {
						CreatedOnToolsVersion = 6.0.1;
					};
					6326628019E2DD6200169CC2 = {
						CreatedOnToolsVersion = 6.0.1;
						TestTargetID = 6326626719E2DD6100169CC2;
					};
				};
			};
			buildConfigurationList = 6326626319E2DD6100169CC2 /* Build configuration list for PBXProject "Swiftris" */;
			compatibilityVersion = "Xcode 3.2";
			developmentRegion = English;
			hasScannedForEncodings = 0;
			knownRegions = (
				en,
				Base,
			);
			mainGroup = 6326625F19E2DD6100169CC2;
			productRefGroup = 6326626919E2DD6100169CC2 /* Products */;
			projectDirPath = "";
			projectRoot = "";
			targets = (
				6326626719E2DD6100169CC2 /* Swiftris */,
				6326628019E2DD6200169CC2 /* SwiftrisTests */,
			);
		};
/* End PBXProject section */

/* Begin PBXResourcesBuildPhase section */
		6326626619E2DD6100169CC2 /* Resources */ = {
			isa = PBXResourcesBuildPhase;
			buildActionMask = 2147483647;
			files = (
				6326627C19E2DD6100169CC2 /* LaunchScreen.xib in Resources */,
				6326629819E2DE2D00169CC2 /* drop.mp3 in Resources */,
				6326629B19E2DE2D00169CC2 /* theme.mp3 in Resources */,
				6326629919E2DE2D00169CC2 /* gameover.mp3 in Resources */,
				6326627919E2DD6100169CC2 /* Images.xcassets in Resources */,
				6326629A19E2DE2D00169CC2 /* levelup.mp3 in Resources */,
				6326629D19E2DE4300169CC2 /* Sprites.atlas in Resources */,
				6326629719E2DE2D00169CC2 /* bomb.mp3 in Resources */,
				6326627719E2DD6100169CC2 /* Main.storyboard in Resources */,
			);
			runOnlyForDeploymentPostprocessing = 0;
		};
		6326627F19E2DD6200169CC2 /* Resources */ = {
			isa = PBXResourcesBuildPhase;
			buildActionMask = 2147483647;
			files = (
			);
			runOnlyForDeploymentPostprocessing = 0;
		};
/* End PBXResourcesBuildPhase section */

/* Begin PBXSourcesBuildPhase section */
		6326626419E2DD6100169CC2 /* Sources */ = {
			isa = PBXSourcesBuildPhase;
			buildActionMask = 2147483647;
			files = (
				6326627219E2DD6100169CC2 /* GameScene.swift in Sources */,
				632662A319E3827A00169CC2 /* Shape.swift in Sources */,
				6326629F19E2E0F400169CC2 /* Array2D.swift in Sources */,
				632662A119E312D200169CC2 /* Block.swift in Sources */,
				6326627419E2DD6100169CC2 /* GameViewController.swift in Sources */,
				6326626E19E2DD6100169CC2 /* AppDelegate.swift in Sources */,
			);
			runOnlyForDeploymentPostprocessing = 0;
		};
		6326627D19E2DD6200169CC2 /* Sources */ = {
			isa = PBXSourcesBuildPhase;
			buildActionMask = 2147483647;
			files = (
				6326628819E2DD6200169CC2 /* SwiftrisTests.swift in Sources */,
			);
			runOnlyForDeploymentPostprocessing = 0;
		};
/* End PBXSourcesBuildPhase section */

/* Begin PBXTargetDependency section */
		6326628319E2DD6200169CC2 /* PBXTargetDependency */ = {
			isa = PBXTargetDependency;
			target = 6326626719E2DD6100169CC2 /* Swiftris */;
			targetProxy = 6326628219E2DD6200169CC2 /* PBXContainerItemProxy */;
		};
/* End PBXTargetDependency section */

/* Begin PBXVariantGroup section */
		6326627519E2DD6100169CC2 /* Main.storyboard */ = {
			isa = PBXVariantGroup;
			children = (
				6326627619E2DD6100169CC2 /* Base */,
			);
			name = Main.storyboard;
			sourceTree = "<group>";
		};
		6326627A19E2DD6100169CC2 /* LaunchScreen.xib */ = {
			isa = PBXVariantGroup;
			children = (
				6326627B19E2DD6100169CC2 /* Base */,
			);
			name = LaunchScreen.xib;
			sourceTree = "<group>";
		};
/* End PBXVariantGroup section */

/* Begin XCBuildConfiguration section */
		6326628919E2DD6200169CC2 /* Debug */ = {
			isa = XCBuildConfiguration;
			buildSettings = {
				ALWAYS_SEARCH_USER_PATHS = NO;
				CLANG_CXX_LANGUAGE_STANDARD = "gnu++0x";
				CLANG_CXX_LIBRARY = "libc++";
				CLANG_ENABLE_MODULES = YES;
				CLANG_ENABLE_OBJC_ARC = YES;
				CLANG_WARN_BOOL_CONVERSION = YES;
				CLANG_WARN_CONSTANT_CONVERSION = YES;
				CLANG_WARN_DIRECT_OBJC_ISA_USAGE = YES_ERROR;
				CLANG_WARN_EMPTY_BODY = YES;
				CLANG_WARN_ENUM_CONVERSION = YES;
				CLANG_WARN_INT_CONVERSION = YES;
				CLANG_WARN_OBJC_ROOT_CLASS = YES_ERROR;
				CLANG_WARN_UNREACHABLE_CODE = YES;
				CLANG_WARN__DUPLICATE_METHOD_MATCH = YES;
				"CODE_SIGN_IDENTITY[sdk=iphoneos*]" = "iPhone Developer";
				COPY_PHASE_STRIP = NO;
				ENABLE_STRICT_OBJC_MSGSEND = YES;
				GCC_C_LANGUAGE_STANDARD = gnu99;
				GCC_DYNAMIC_NO_PIC = NO;
				GCC_OPTIMIZATION_LEVEL = 0;
				GCC_PREPROCESSOR_DEFINITIONS = (
					"DEBUG=1",
					"$(inherited)",
				);
				GCC_SYMBOLS_PRIVATE_EXTERN = NO;
				GCC_WARN_64_TO_32_BIT_CONVERSION = YES;
				GCC_WARN_ABOUT_RETURN_TYPE = YES_ERROR;
				GCC_WARN_UNDECLARED_SELECTOR = YES;
				GCC_WARN_UNINITIALIZED_AUTOS = YES_AGGRESSIVE;
				GCC_WARN_UNUSED_FUNCTION = YES;
				GCC_WARN_UNUSED_VARIABLE = YES;
				IPHONEOS_DEPLOYMENT_TARGET = 8.0;
				MTL_ENABLE_DEBUG_INFO = YES;
				ONLY_ACTIVE_ARCH = YES;
				SDKROOT = iphoneos;
				SWIFT_OPTIMIZATION_LEVEL = "-Onone";
			};
			name = Debug;
		};
		6326628A19E2DD6200169CC2 /* Release */ = {
			isa = XCBuildConfiguration;
			buildSettings = {
				ALWAYS_SEARCH_USER_PATHS = NO;
				CLANG_CXX_LANGUAGE_STANDARD = "gnu++0x";
				CLANG_CXX_LIBRARY = "libc++";
				CLANG_ENABLE_MODULES = YES;
				CLANG_ENABLE_OBJC_ARC = YES;
				CLANG_WARN_BOOL_CONVERSION = YES;
				CLANG_WARN_CONSTANT_CONVERSION = YES;
				CLANG_WARN_DIRECT_OBJC_ISA_USAGE = YES_ERROR;
				CLANG_WARN_EMPTY_BODY = YES;
				CLANG_WARN_ENUM_CONVERSION = YES;
				CLANG_WARN_INT_CONVERSION = YES;
				CLANG_WARN_OBJC_ROOT_CLASS = YES_ERROR;
				CLANG_WARN_UNREACHABLE_CODE = YES;
				CLANG_WARN__DUPLICATE_METHOD_MATCH = YES;
				"CODE_SIGN_IDENTITY[sdk=iphoneos*]" = "iPhone Developer";
				COPY_PHASE_STRIP = YES;
				ENABLE_NS_ASSERTIONS = NO;
				ENABLE_STRICT_OBJC_MSGSEND = YES;
				GCC_C_LANGUAGE_STANDARD = gnu99;
				GCC_WARN_64_TO_32_BIT_CONVERSION = YES;
				GCC_WARN_ABOUT_RETURN_TYPE = YES_ERROR;
				GCC_WARN_UNDECLARED_SELECTOR = YES;
				GCC_WARN_UNINITIALIZED_AUTOS = YES_AGGRESSIVE;
				GCC_WARN_UNUSED_FUNCTION = YES;
				GCC_WARN_UNUSED_VARIABLE = YES;
				IPHONEOS_DEPLOYMENT_TARGET = 8.0;
				MTL_ENABLE_DEBUG_INFO = NO;
				SDKROOT = iphoneos;
				VALIDATE_PRODUCT = YES;
			};
			name = Release;
		};
		6326628C19E2DD6200169CC2 /* Debug */ = {
			isa = XCBuildConfiguration;
			buildSettings = {
				ASSETCATALOG_COMPILER_APPICON_NAME = AppIcon;
				INFOPLIST_FILE = Swiftris/Info.plist;
				LD_RUNPATH_SEARCH_PATHS = "$(inherited) @executable_path/Frameworks";
				PRODUCT_NAME = "$(TARGET_NAME)";
			};
			name = Debug;
		};
		6326628D19E2DD6200169CC2 /* Release */ = {
			isa = XCBuildConfiguration;
			buildSettings = {
				ASSETCATALOG_COMPILER_APPICON_NAME = AppIcon;
				INFOPLIST_FILE = Swiftris/Info.plist;
				LD_RUNPATH_SEARCH_PATHS = "$(inherited) @executable_path/Frameworks";
				PRODUCT_NAME = "$(TARGET_NAME)";
			};
			name = Release;
		};
		6326628F19E2DD6200169CC2 /* Debug */ = {
			isa = XCBuildConfiguration;
			buildSettings = {
				BUNDLE_LOADER = "$(TEST_HOST)";
				FRAMEWORK_SEARCH_PATHS = (
					"$(SDKROOT)/Developer/Library/Frameworks",
					"$(inherited)",
				);
				GCC_PREPROCESSOR_DEFINITIONS = (
					"DEBUG=1",
					"$(inherited)",
				);
				INFOPLIST_FILE = SwiftrisTests/Info.plist;
				LD_RUNPATH_SEARCH_PATHS = "$(inherited) @executable_path/Frameworks @loader_path/Frameworks";
				PRODUCT_NAME = "$(TARGET_NAME)";
				TEST_HOST = "$(BUILT_PRODUCTS_DIR)/Swiftris.app/Swiftris";
			};
			name = Debug;
		};
		6326629019E2DD6200169CC2 /* Release */ = {
			isa = XCBuildConfiguration;
			buildSettings = {
				BUNDLE_LOADER = "$(TEST_HOST)";
				FRAMEWORK_SEARCH_PATHS = (
					"$(SDKROOT)/Developer/Library/Frameworks",
					"$(inherited)",
				);
				INFOPLIST_FILE = SwiftrisTests/Info.plist;
				LD_RUNPATH_SEARCH_PATHS = "$(inherited) @executable_path/Frameworks @loader_path/Frameworks";
				PRODUCT_NAME = "$(TARGET_NAME)";
				TEST_HOST = "$(BUILT_PRODUCTS_DIR)/Swiftris.app/Swiftris";
			};
			name = Release;
		};
/* End XCBuildConfiguration section */

/* Begin XCConfigurationList section */
		6326626319E2DD6100169CC2 /* Build configuration list for PBXProject "Swiftris" */ = {
			isa = XCConfigurationList;
			buildConfigurations = (
				6326628919E2DD6200169CC2 /* Debug */,
				6326628A19E2DD6200169CC2 /* Release */,
			);
			defaultConfigurationIsVisible = 0;
			defaultConfigurationName = Release;
		};
		6326628B19E2DD6200169CC2 /* Build configuration list for PBXNativeTarget "Swiftris" */ = {
			isa = XCConfigurationList;
			buildConfigurations = (
				6326628C19E2DD6200169CC2 /* Debug */,
				6326628D19E2DD6200169CC2 /* Release */,
			);
			defaultConfigurationIsVisible = 0;
		};
		6326628E19E2DD6200169CC2 /* Build configuration list for PBXNativeTarget "SwiftrisTests" */ = {
			isa = XCConfigurationList;
			buildConfigurations = (
				6326628F19E2DD6200169CC2 /* Debug */,
				6326629019E2DD6200169CC2 /* Release */,
			);
			defaultConfigurationIsVisible = 0;
		};
/* End XCConfigurationList section */
	};
	rootObject = 6326626019E2DD6100169CC2 /* Project object */;
}
